// !$*UTF8*$!
{
	archiveVersion = 1;
	classes = {
	};
	objectVersion = 77;
	objects = {

/* Begin PBXContainerItemProxy section */
		89A3D4B62E05022C00379527 /* PBXContainerItemProxy */ = {
			isa = PBXContainerItemProxy;
			containerPortal = 89A3D4A02E05022B00379527 /* Project object */;
			proxyType = 1;
			remoteGlobalIDString = 89A3D4A72E05022B00379527;
			remoteInfo = DetectionFaceYaw;
		};
		89A3D4C02E05022C00379527 /* PBXContainerItemProxy */ = {
			isa = PBXContainerItemProxy;
			containerPortal = 89A3D4A02E05022B00379527 /* Project object */;
			proxyType = 1;
			remoteGlobalIDString = 89A3D4A72E05022B00379527;
			remoteInfo = DetectionFaceYaw;
		};
/* End PBXContainerItemProxy section */

/* Begin PBXFileReference section */
		89A3D4A82E05022B00379527 /* DetectionFaceYaw.app */ = {isa = PBXFileReference; explicitFileType = wrapper.application; includeInIndex = 0; path = DetectionFaceYaw.app; sourceTree = BUILT_PRODUCTS_DIR; };
		89A3D4B52E05022C00379527 /* DetectionFaceYawTests.xctest */ = {isa = PBXFileReference; explicitFileType = wrapper.cfbundle; includeInIndex = 0; path = DetectionFaceYawTests.xctest; sourceTree = BUILT_PRODUCTS_DIR; };
		89A3D4BF2E05022C00379527 /* DetectionFaceYawUITests.xctest */ = {isa = PBXFileReference; explicitFileType = wrapper.cfbundle; includeInIndex = 0; path = DetectionFaceYawUITests.xctest; sourceTree = BUILT_PRODUCTS_DIR; };
/* End PBXFileReference section */

/* Begin PBXFileSystemSynchronizedRootGroup section */
		89A3D4AA2E05022B00379527 /* DetectionFaceYaw */ = {
			isa = PBXFileSystemSynchronizedRootGroup;
			path = DetectionFaceYaw;
			sourceTree = "<group>";
		};
		89A3D4B82E05022C00379527 /* DetectionFaceYawTests */ = {
			isa = PBXFileSystemSynchronizedRootGroup;
			path = DetectionFaceYawTests;
			sourceTree = "<group>";
		};
		89A3D4C22E05022C00379527 /* DetectionFaceYawUITests */ = {
			isa = PBXFileSystemSynchronizedRootGroup;
			path = DetectionFaceYawUITests;
			sourceTree = "<group>";
		};
/* End PBXFileSystemSynchronizedRootGroup section */

/* Begin PBXFrameworksBuildPhase section */
		89A3D4A52E05022B00379527 /* Frameworks */ = {
			isa = PBXFrameworksBuildPhase;
			buildActionMask = 2147483647;
			files = (
			);
			runOnlyForDeploymentPostprocessing = 0;
		};
		89A3D4B22E05022C00379527 /* Frameworks */ = {
			isa = PBXFrameworksBuildPhase;
			buildActionMask = 2147483647;
			files = (
			);
			runOnlyForDeploymentPostprocessing = 0;
		};
		89A3D4BC2E05022C00379527 /* Frameworks */ = {
			isa = PBXFrameworksBuildPhase;
			buildActionMask = 2147483647;
			files = (
			);
			runOnlyForDeploymentPostprocessing = 0;
		};
/* End PBXFrameworksBuildPhase section */

/* Begin PBXGroup section */
		89A3D49F2E05022B00379527 = {
			isa = PBXGroup;
			children = (
				89A3D4AA2E05022B00379527 /* DetectionFaceYaw */,
				89A3D4B82E05022C00379527 /* DetectionFaceYawTests */,
				89A3D4C22E05022C00379527 /* DetectionFaceYawUITests */,
				89A3D4A92E05022B00379527 /* Products */,
			);
			sourceTree = "<group>";
		};
		89A3D4A92E05022B00379527 /* Products */ = {
			isa = PBXGroup;
			children = (
				89A3D4A82E05022B00379527 /* DetectionFaceYaw.app */,
				89A3D4B52E05022C00379527 /* DetectionFaceYawTests.xctest */,
				89A3D4BF2E05022C00379527 /* DetectionFaceYawUITests.xctest */,
			);
			name = Products;
			sourceTree = "<group>";
		};
/* End PBXGroup section */

/* Begin PBXNativeTarget section */
		89A3D4A72E05022B00379527 /* DetectionFaceYaw */ = {
			isa = PBXNativeTarget;
			buildConfigurationList = 89A3D4C92E05022C00379527 /* Build configuration list for PBXNativeTarget "DetectionFaceYaw" */;
			buildPhases = (
				89A3D4A42E05022B00379527 /* Sources */,
				89A3D4A52E05022B00379527 /* Frameworks */,
				89A3D4A62E05022B00379527 /* Resources */,
			);
			buildRules = (
			);
			dependencies = (
			);
			fileSystemSynchronizedGroups = (
				89A3D4AA2E05022B00379527 /* DetectionFaceYaw */,
			);
			name = DetectionFaceYaw;
			packageProductDependencies = (
			);
			productName = DetectionFaceYaw;
			productReference = 89A3D4A82E05022B00379527 /* DetectionFaceYaw.app */;
			productType = "com.apple.product-type.application";
		};
		89A3D4B42E05022C00379527 /* DetectionFaceYawTests */ = {
			isa = PBXNativeTarget;
			buildConfigurationList = 89A3D4CC2E05022C00379527 /* Build configuration list for PBXNativeTarget "DetectionFaceYawTests" */;
			buildPhases = (
				89A3D4B12E05022C00379527 /* Sources */,
				89A3D4B22E05022C00379527 /* Frameworks */,
				89A3D4B32E05022C00379527 /* Resources */,
			);
			buildRules = (
			);
			dependencies = (
				89A3D4B72E05022C00379527 /* PBXTargetDependency */,
			);
			fileSystemSynchronizedGroups = (
				89A3D4B82E05022C00379527 /* DetectionFaceYawTests */,
			);
			name = DetectionFaceYawTests;
			packageProductDependencies = (
			);
			productName = DetectionFaceYawTests;
			productReference = 89A3D4B52E05022C00379527 /* DetectionFaceYawTests.xctest */;
			productType = "com.apple.product-type.bundle.unit-test";
		};
		89A3D4BE2E05022C00379527 /* DetectionFaceYawUITests */ = {
			isa = PBXNativeTarget;
			buildConfigurationList = 89A3D4CF2E05022C00379527 /* Build configuration list for PBXNativeTarget "DetectionFaceYawUITests" */;
			buildPhases = (
				89A3D4BB2E05022C00379527 /* Sources */,
				89A3D4BC2E05022C00379527 /* Frameworks */,
				89A3D4BD2E05022C00379527 /* Resources */,
			);
			buildRules = (
			);
			dependencies = (
				89A3D4C12E05022C00379527 /* PBXTargetDependency */,
			);
			fileSystemSynchronizedGroups = (
				89A3D4C22E05022C00379527 /* DetectionFaceYawUITests */,
			);
			name = DetectionFaceYawUITests;
			packageProductDependencies = (
			);
			productName = DetectionFaceYawUITests;
			productReference = 89A3D4BF2E05022C00379527 /* DetectionFaceYawUITests.xctest */;
			productType = "com.apple.product-type.bundle.ui-testing";
		};
/* End PBXNativeTarget section */

/* Begin PBXProject section */
		89A3D4A02E05022B00379527 /* Project object */ = {
			isa = PBXProject;
			attributes = {
				BuildIndependentTargetsInParallel = 1;
				LastSwiftUpdateCheck = 1640;
				LastUpgradeCheck = 1640;
				TargetAttributes = {
					89A3D4A72E05022B00379527 = {
						CreatedOnToolsVersion = 16.4;
					};
					89A3D4B42E05022C00379527 = {
						CreatedOnToolsVersion = 16.4;
						TestTargetID = 89A3D4A72E05022B00379527;
					};
					89A3D4BE2E05022C00379527 = {
						CreatedOnToolsVersion = 16.4;
						TestTargetID = 89A3D4A72E05022B00379527;
					};
				};
			};
			buildConfigurationList = 89A3D4A32E05022B00379527 /* Build configuration list for PBXProject "DetectionFaceYaw" */;
			developmentRegion = en;
			hasScannedForEncodings = 0;
			knownRegions = (
				en,
				Base,
			);
			mainGroup = 89A3D49F2E05022B00379527;
			minimizedProjectReferenceProxies = 1;
			preferredProjectObjectVersion = 77;
			productRefGroup = 89A3D4A92E05022B00379527 /* Products */;
			projectDirPath = "";
			projectRoot = "";
			targets = (
				89A3D4A72E05022B00379527 /* DetectionFaceYaw */,
				89A3D4B42E05022C00379527 /* DetectionFaceYawTests */,
				89A3D4BE2E05022C00379527 /* DetectionFaceYawUITests */,
			);
		};
/* End PBXProject section */

/* Begin PBXResourcesBuildPhase section */
		89A3D4A62E05022B00379527 /* Resources */ = {
			isa = PBXResourcesBuildPhase;
			buildActionMask = 2147483647;
			files = (
			);
			runOnlyForDeploymentPostprocessing = 0;
		};
		89A3D4B32E05022C00379527 /* Resources */ = {
			isa = PBXResourcesBuildPhase;
			buildActionMask = 2147483647;
			files = (
			);
			runOnlyForDeploymentPostprocessing = 0;
		};
		89A3D4BD2E05022C00379527 /* Resources */ = {
			isa = PBXResourcesBuildPhase;
			buildActionMask = 2147483647;
			files = (
			);
			runOnlyForDeploymentPostprocessing = 0;
		};
/* End PBXResourcesBuildPhase section */

/* Begin PBXSourcesBuildPhase section */
		89A3D4A42E05022B00379527 /* Sources */ = {
			isa = PBXSourcesBuildPhase;
			buildActionMask = 2147483647;
			files = (
			);
			runOnlyForDeploymentPostprocessing = 0;
		};
		89A3D4B12E05022C00379527 /* Sources */ = {
			isa = PBXSourcesBuildPhase;
			buildActionMask = 2147483647;
			files = (
			);
			runOnlyForDeploymentPostprocessing = 0;
		};
		89A3D4BB2E05022C00379527 /* Sources */ = {
			isa = PBXSourcesBuildPhase;
			buildActionMask = 2147483647;
			files = (
			);
			runOnlyForDeploymentPostprocessing = 0;
		};
/* End PBXSourcesBuildPhase section */

/* Begin PBXTargetDependency section */
		89A3D4B72E05022C00379527 /* PBXTargetDependency */ = {
			isa = PBXTargetDependency;
			target = 89A3D4A72E05022B00379527 /* DetectionFaceYaw */;
			targetProxy = 89A3D4B62E05022C00379527 /* PBXContainerItemProxy */;
		};
		89A3D4C12E05022C00379527 /* PBXTargetDependency */ = {
			isa = PBXTargetDependency;
			target = 89A3D4A72E05022B00379527 /* DetectionFaceYaw */;
			targetProxy = 89A3D4C02E05022C00379527 /* PBXContainerItemProxy */;
		};
/* End PBXTargetDependency section */

/* Begin XCBuildConfiguration section */
		89A3D4C72E05022C00379527 /* Debug */ = {
			isa = XCBuildConfiguration;
			buildSettings = {
				ALWAYS_SEARCH_USER_PATHS = NO;
				ASSETCATALOG_COMPILER_GENERATE_SWIFT_ASSET_SYMBOL_EXTENSIONS = YES;
				CLANG_ANALYZER_NONNULL = YES;
				CLANG_ANALYZER_NUMBER_OBJECT_CONVERSION = YES_AGGRESSIVE;
				CLANG_CXX_LANGUAGE_STANDARD = "gnu++20";
				CLANG_ENABLE_MODULES = YES;
				CLANG_ENABLE_OBJC_ARC = YES;
				CLANG_ENABLE_OBJC_WEAK = YES;
				CLANG_WARN_BLOCK_CAPTURE_AUTORELEASING = YES;
				CLANG_WARN_BOOL_CONVERSION = YES;
				CLANG_WARN_COMMA = YES;
				CLANG_WARN_CONSTANT_CONVERSION = YES;
				CLANG_WARN_DEPRECATED_OBJC_IMPLEMENTATIONS = YES;
				CLANG_WARN_DIRECT_OBJC_ISA_USAGE = YES_ERROR;
				CLANG_WARN_DOCUMENTATION_COMMENTS = YES;
				CLANG_WARN_EMPTY_BODY = YES;
				CLANG_WARN_ENUM_CONVERSION = YES;
				CLANG_WARN_INFINITE_RECURSION = YES;
				CLANG_WARN_INT_CONVERSION = YES;
				CLANG_WARN_NON_LITERAL_NULL_CONVERSION = YES;
				CLANG_WARN_OBJC_IMPLICIT_RETAIN_SELF = YES;
				CLANG_WARN_OBJC_LITERAL_CONVERSION = YES;
				CLANG_WARN_OBJC_ROOT_CLASS = YES_ERROR;
				CLANG_WARN_QUOTED_INCLUDE_IN_FRAMEWORK_HEADER = YES;
				CLANG_WARN_RANGE_LOOP_ANALYSIS = YES;
				CLANG_WARN_STRICT_PROTOTYPES = YES;
				CLANG_WARN_SUSPICIOUS_MOVE = YES;
				CLANG_WARN_UNGUARDED_AVAILABILITY = YES_AGGRESSIVE;
				CLANG_WARN_UNREACHABLE_CODE = YES;
				CLANG_WARN__DUPLICATE_METHOD_MATCH = YES;
				COPY_PHASE_STRIP = NO;
				DEBUG_INFORMATION_FORMAT = dwarf;
				DEVELOPMENT_TEAM = RA8AYBBYPE;
				ENABLE_STRICT_OBJC_MSGSEND = YES;
				ENABLE_TESTABILITY = YES;
				ENABLE_USER_SCRIPT_SANDBOXING = YES;
				GCC_C_LANGUAGE_STANDARD = gnu17;
				GCC_DYNAMIC_NO_PIC = NO;
				GCC_NO_COMMON_BLOCKS = YES;
				GCC_OPTIMIZATION_LEVEL = 0;
				GCC_PREPROCESSOR_DEFINITIONS = (
					"DEBUG=1",
					"$(inherited)",
				);
				GCC_WARN_64_TO_32_BIT_CONVERSION = YES;
				GCC_WARN_ABOUT_RETURN_TYPE = YES_ERROR;
				GCC_WARN_UNDECLARED_SELECTOR = YES;
				GCC_WARN_UNINITIALIZED_AUTOS = YES_AGGRESSIVE;
				GCC_WARN_UNUSED_FUNCTION = YES;
				GCC_WARN_UNUSED_VARIABLE = YES;
				IPHONEOS_DEPLOYMENT_TARGET = 18.5;
				LOCALIZATION_PREFERS_STRING_CATALOGS = YES;
				MTL_ENABLE_DEBUG_INFO = INCLUDE_SOURCE;
				MTL_FAST_MATH = YES;
				ONLY_ACTIVE_ARCH = YES;
				SDKROOT = iphoneos;
				SWIFT_ACTIVE_COMPILATION_CONDITIONS = "DEBUG $(inherited)";
				SWIFT_OPTIMIZATION_LEVEL = "-Onone";
			};
			name = Debug;
		};
		89A3D4C82E05022C00379527 /* Release */ = {
			isa = XCBuildConfiguration;
			buildSettings = {
				ALWAYS_SEARCH_USER_PATHS = NO;
				ASSETCATALOG_COMPILER_GENERATE_SWIFT_ASSET_SYMBOL_EXTENSIONS = YES;
				CLANG_ANALYZER_NONNULL = YES;
				CLANG_ANALYZER_NUMBER_OBJECT_CONVERSION = YES_AGGRESSIVE;
				CLANG_CXX_LANGUAGE_STANDARD = "gnu++20";
				CLANG_ENABLE_MODULES = YES;
				CLANG_ENABLE_OBJC_ARC = YES;
				CLANG_ENABLE_OBJC_WEAK = YES;
				CLANG_WARN_BLOCK_CAPTURE_AUTORELEASING = YES;
				CLANG_WARN_BOOL_CONVERSION = YES;
				CLANG_WARN_COMMA = YES;
				CLANG_WARN_CONSTANT_CONVERSION = YES;
				CLANG_WARN_DEPRECATED_OBJC_IMPLEMENTATIONS = YES;
				CLANG_WARN_DIRECT_OBJC_ISA_USAGE = YES_ERROR;
				CLANG_WARN_DOCUMENTATION_COMMENTS = YES;
				CLANG_WARN_EMPTY_BODY = YES;
				CLANG_WARN_ENUM_CONVERSION = YES;
				CLANG_WARN_INFINITE_RECURSION = YES;
				CLANG_WARN_INT_CONVERSION = YES;
				CLANG_WARN_NON_LITERAL_NULL_CONVERSION = YES;
				CLANG_WARN_OBJC_IMPLICIT_RETAIN_SELF = YES;
				CLANG_WARN_OBJC_LITERAL_CONVERSION = YES;
				CLANG_WARN_OBJC_ROOT_CLASS = YES_ERROR;
				CLANG_WARN_QUOTED_INCLUDE_IN_FRAMEWORK_HEADER = YES;
				CLANG_WARN_RANGE_LOOP_ANALYSIS = YES;
				CLANG_WARN_STRICT_PROTOTYPES = YES;
				CLANG_WARN_SUSPICIOUS_MOVE = YES;
				CLANG_WARN_UNGUARDED_AVAILABILITY = YES_AGGRESSIVE;
				CLANG_WARN_UNREACHABLE_CODE = YES;
				CLANG_WARN__DUPLICATE_METHOD_MATCH = YES;
				COPY_PHASE_STRIP = NO;
				DEBUG_INFORMATION_FORMAT = "dwarf-with-dsym";
				DEVELOPMENT_TEAM = RA8AYBBYPE;
				ENABLE_NS_ASSERTIONS = NO;
				ENABLE_STRICT_OBJC_MSGSEND = YES;
				ENABLE_USER_SCRIPT_SANDBOXING = YES;
				GCC_C_LANGUAGE_STANDARD = gnu17;
				GCC_NO_COMMON_BLOCKS = YES;
				GCC_WARN_64_TO_32_BIT_CONVERSION = YES;
				GCC_WARN_ABOUT_RETURN_TYPE = YES_ERROR;
				GCC_WARN_UNDECLARED_SELECTOR = YES;
				GCC_WARN_UNINITIALIZED_AUTOS = YES_AGGRESSIVE;
				GCC_WARN_UNUSED_FUNCTION = YES;
				GCC_WARN_UNUSED_VARIABLE = YES;
				IPHONEOS_DEPLOYMENT_TARGET = 18.5;
				LOCALIZATION_PREFERS_STRING_CATALOGS = YES;
				MTL_ENABLE_DEBUG_INFO = NO;
				MTL_FAST_MATH = YES;
				SDKROOT = iphoneos;
				SWIFT_COMPILATION_MODE = wholemodule;
				VALIDATE_PRODUCT = YES;
			};
			name = Release;
		};
		89A3D4CA2E05022C00379527 /* Debug */ = {
			isa = XCBuildConfiguration;
			buildSettings = {
				ASSETCATALOG_COMPILER_APPICON_NAME = AppIcon;
				ASSETCATALOG_COMPILER_GLOBAL_ACCENT_COLOR_NAME = AccentColor;
				CODE_SIGN_STYLE = Automatic;
				CURRENT_PROJECT_VERSION = 1;
				DEVELOPMENT_TEAM = RA8AYBBYPE;
				ENABLE_PREVIEWS = YES;
				GENERATE_INFOPLIST_FILE = YES;
				INFOPLIST_KEY_NSCameraUsageDescription = Camera;
				INFOPLIST_KEY_UIApplicationSceneManifest_Generation = YES;
				INFOPLIST_KEY_UIApplicationSupportsIndirectInputEvents = YES;
				INFOPLIST_KEY_UILaunchScreen_Generation = YES;
				INFOPLIST_KEY_UIRequiresFullScreen = YES;
				INFOPLIST_KEY_UISupportedInterfaceOrientations = "UIInterfaceOrientationPortrait UIInterfaceOrientationPortraitUpsideDown";
				LD_RUNPATH_SEARCH_PATHS = (
					"$(inherited)",
					"@executable_path/Frameworks",
				);
				MARKETING_VERSION = 1.0;
				PRODUCT_BUNDLE_IDENTIFIER = kmt.DetectionFaceYaw;
				PRODUCT_NAME = "$(TARGET_NAME)";
				SUPPORTED_PLATFORMS = "iphoneos iphonesimulator";
				SUPPORTS_MACCATALYST = NO;
				SUPPORTS_MAC_DESIGNED_FOR_IPHONE_IPAD = NO;
				SUPPORTS_XR_DESIGNED_FOR_IPHONE_IPAD = NO;
				SWIFT_EMIT_LOC_STRINGS = YES;
				SWIFT_VERSION = 5.0;
				TARGETED_DEVICE_FAMILY = "1,2";
			};
			name = Debug;
		};
		89A3D4CB2E05022C00379527 /* Release */ = {
			isa = XCBuildConfiguration;
			buildSettings = {
				ASSETCATALOG_COMPILER_APPICON_NAME = AppIcon;
				ASSETCATALOG_COMPILER_GLOBAL_ACCENT_COLOR_NAME = AccentColor;
				CODE_SIGN_STYLE = Automatic;
				CURRENT_PROJECT_VERSION = 1;
				DEVELOPMENT_TEAM = RA8AYBBYPE;
				ENABLE_PREVIEWS = YES;
				GENERATE_INFOPLIST_FILE = YES;
				INFOPLIST_KEY_NSCameraUsageDescription = Camera;
				INFOPLIST_KEY_UIApplicationSceneManifest_Generation = YES;
				INFOPLIST_KEY_UIApplicationSupportsIndirectInputEvents = YES;
				INFOPLIST_KEY_UILaunchScreen_Generation = YES;
				INFOPLIST_KEY_UIRequiresFullScreen = YES;
				INFOPLIST_KEY_UISupportedInterfaceOrientations = "UIInterfaceOrientationPortrait UIInterfaceOrientationPortraitUpsideDown";
				LD_RUNPATH_SEARCH_PATHS = (
					"$(inherited)",
					"@executable_path/Frameworks",
				);
				MARKETING_VERSION = 1.0;
				PRODUCT_BUNDLE_IDENTIFIER = kmt.DetectionFaceYaw;
				PRODUCT_NAME = "$(TARGET_NAME)";
				SUPPORTED_PLATFORMS = "iphoneos iphonesimulator";
				SUPPORTS_MACCATALYST = NO;
				SUPPORTS_MAC_DESIGNED_FOR_IPHONE_IPAD = NO;
				SUPPORTS_XR_DESIGNED_FOR_IPHONE_IPAD = NO;
				SWIFT_EMIT_LOC_STRINGS = YES;
				SWIFT_VERSION = 5.0;
				TARGETED_DEVICE_FAMILY = "1,2";
			};
			name = Release;
		};
		89A3D4CD2E05022C00379527 /* Debug */ = {
			isa = XCBuildConfiguration;
			buildSettings = {
				BUNDLE_LOADER = "$(TEST_HOST)";
				CODE_SIGN_STYLE = Automatic;
				CURRENT_PROJECT_VERSION = 1;
				DEVELOPMENT_TEAM = RA8AYBBYPE;
				GENERATE_INFOPLIST_FILE = YES;
				IPHONEOS_DEPLOYMENT_TARGET = 18.5;
				MARKETING_VERSION = 1.0;
				PRODUCT_BUNDLE_IDENTIFIER = kmt.DetectionFaceYawTests;
				PRODUCT_NAME = "$(TARGET_NAME)";
				SWIFT_EMIT_LOC_STRINGS = NO;
				SWIFT_VERSION = 5.0;
				TARGETED_DEVICE_FAMILY = "1,2";
				TEST_HOST = "$(BUILT_PRODUCTS_DIR)/DetectionFaceYaw.app/$(BUNDLE_EXECUTABLE_FOLDER_PATH)/DetectionFaceYaw";
			};
			name = Debug;
		};
		89A3D4CE2E05022C00379527 /* Release */ = {
			isa = XCBuildConfiguration;
			buildSettings = {
				BUNDLE_LOADER = "$(TEST_HOST)";
				CODE_SIGN_STYLE = Automatic;
				CURRENT_PROJECT_VERSION = 1;
				DEVELOPMENT_TEAM = RA8AYBBYPE;
				GENERATE_INFOPLIST_FILE = YES;
				IPHONEOS_DEPLOYMENT_TARGET = 18.5;
				MARKETING_VERSION = 1.0;
				PRODUCT_BUNDLE_IDENTIFIER = kmt.DetectionFaceYawTests;
				PRODUCT_NAME = "$(TARGET_NAME)";
				SWIFT_EMIT_LOC_STRINGS = NO;
				SWIFT_VERSION = 5.0;
				TARGETED_DEVICE_FAMILY = "1,2";
				TEST_HOST = "$(BUILT_PRODUCTS_DIR)/DetectionFaceYaw.app/$(BUNDLE_EXECUTABLE_FOLDER_PATH)/DetectionFaceYaw";
			};
			name = Release;
		};
		89A3D4D02E05022C00379527 /* Debug */ = {
			isa = XCBuildConfiguration;
			buildSettings = {
				CODE_SIGN_STYLE = Automatic;
				CURRENT_PROJECT_VERSION = 1;
				DEVELOPMENT_TEAM = RA8AYBBYPE;
				GENERATE_INFOPLIST_FILE = YES;
				MARKETING_VERSION = 1.0;
				PRODUCT_BUNDLE_IDENTIFIER = kmt.DetectionFaceYawUITests;
				PRODUCT_NAME = "$(TARGET_NAME)";
				SWIFT_EMIT_LOC_STRINGS = NO;
				SWIFT_VERSION = 5.0;
				TARGETED_DEVICE_FAMILY = "1,2";
				TEST_TARGET_NAME = DetectionFaceYaw;
			};
			name = Debug;
		};
		89A3D4D12E05022C00379527 /* Release */ = {
			isa = XCBuildConfiguration;
			buildSettings = {
				CODE_SIGN_STYLE = Automatic;
				CURRENT_PROJECT_VERSION = 1;
				DEVELOPMENT_TEAM = RA8AYBBYPE;
				GENERATE_INFOPLIST_FILE = YES;
				MARKETING_VERSION = 1.0;
				PRODUCT_BUNDLE_IDENTIFIER = kmt.DetectionFaceYawUITests;
				PRODUCT_NAME = "$(TARGET_NAME)";
				SWIFT_EMIT_LOC_STRINGS = NO;
				SWIFT_VERSION = 5.0;
				TARGETED_DEVICE_FAMILY = "1,2";
				TEST_TARGET_NAME = DetectionFaceYaw;
			};
			name = Release;
		};
/* End XCBuildConfiguration section */

/* Begin XCConfigurationList section */
		89A3D4A32E05022B00379527 /* Build configuration list for PBXProject "DetectionFaceYaw" */ = {
			isa = XCConfigurationList;
			buildConfigurations = (
				89A3D4C72E05022C00379527 /* Debug */,
				89A3D4C82E05022C00379527 /* Release */,
			);
			defaultConfigurationIsVisible = 0;
			defaultConfigurationName = Release;
		};
		89A3D4C92E05022C00379527 /* Build configuration list for PBXNativeTarget "DetectionFaceYaw" */ = {
			isa = XCConfigurationList;
			buildConfigurations = (
				89A3D4CA2E05022C00379527 /* Debug */,
				89A3D4CB2E05022C00379527 /* Release */,
			);
			defaultConfigurationIsVisible = 0;
			defaultConfigurationName = Release;
		};
		89A3D4CC2E05022C00379527 /* Build configuration list for PBXNativeTarget "DetectionFaceYawTests" */ = {
			isa = XCConfigurationList;
			buildConfigurations = (
				89A3D4CD2E05022C00379527 /* Debug */,
				89A3D4CE2E05022C00379527 /* Release */,
			);
			defaultConfigurationIsVisible = 0;
			defaultConfigurationName = Release;
		};
		89A3D4CF2E05022C00379527 /* Build configuration list for PBXNativeTarget "DetectionFaceYawUITests" */ = {
			isa = XCConfigurationList;
			buildConfigurations = (
				89A3D4D02E05022C00379527 /* Debug */,
				89A3D4D12E05022C00379527 /* Release */,
			);
			defaultConfigurationIsVisible = 0;
			defaultConfigurationName = Release;
		};
/* End XCConfigurationList section */
	};
	rootObject = 89A3D4A02E05022B00379527 /* Project object */;
}
